
Microsoft Visual Studio Solution File, Format Version 12.00
# Visual Studio Version 16
VisualStudioVersion = 16.0.31624.102
MinimumVisualStudioVersion = 10.0.40219.1
Project("{FAE04EC0-301F-11D3-BF4B-00C04F79EFBC}") = "CQRS.Demo.Api", "CQRS.Demo.Api\CQRS.Demo.Api.csproj", "{2D361F5D-6070-4185-9CF6-C5CAB71DEEBF}"
EndProject
Project("{FAE04EC0-301F-11D3-BF4B-00C04F79EFBC}") = "CQRS.Demo.Model", "CQRS.Demo.Model\CQRS.Demo.Model.csproj", "{6CF59B0A-3F4E-4E39-BCE7-79550D53BE79}"
EndProject
Project("{FAE04EC0-301F-11D3-BF4B-00C04F79EFBC}") = "CQRS.Demo.DataAccess", "CQRS.Demo.DataAccess\CQRS.Demo.DataAccess.csproj", "{40A06312-4EBE-4106-BC7A-7FAB840D6EC5}"
EndProject
Project("{FAE04EC0-301F-11D3-BF4B-00C04F79EFBC}") = "CQRS.Demo.BusinessLogic", "CQRS.Demo.BusinessLogic\CQRS.Demo.BusinessLogic.csproj", "{B0CBEE9B-6072-4E43-860E-7DEDE671E1F9}"
EndProject
Project("{FAE04EC0-301F-11D3-BF4B-00C04F79EFBC}") = "CQRS.Demo.Tests", "CQRS.Demo.Tests\CQRS.Demo.Tests.csproj", "{5181B885-992D-4AB5-B54C-9357D438C90D}"
EndProject
Global
	GlobalSection(SolutionConfigurationPlatforms) = preSolution
		Debug|Any CPU = Debug|Any CPU
		Release|Any CPU = Release|Any CPU
	EndGlobalSection
	GlobalSection(ProjectConfigurationPlatforms) = postSolution
		{2D361F5D-6070-4185-9CF6-C5CAB71DEEBF}.Debug|Any CPU.ActiveCfg = Debug|Any CPU
		{2D361F5D-6070-4185-9CF6-C5CAB71DEEBF}.Debug|Any CPU.Build.0 = Debug|Any CPU
		{2D361F5D-6070-4185-9CF6-C5CAB71DEEBF}.Release|Any CPU.ActiveCfg = Release|Any CPU
		{2D361F5D-6070-4185-9CF6-C5CAB71DEEBF}.Release|Any CPU.Build.0 = Release|Any CPU
		{6CF59B0A-3F4E-4E39-BCE7-79550D53BE79}.Debug|Any CPU.ActiveCfg = Debug|Any CPU
		{6CF59B0A-3F4E-4E39-BCE7-79550D53BE79}.Debug|Any CPU.Build.0 = Debug|Any CPU
		{6CF59B0A-3F4E-4E39-BCE7-79550D53BE79}.Release|Any CPU.ActiveCfg = Release|Any CPU
		{6CF59B0A-3F4E-4E39-BCE7-79550D53BE79}.Release|Any CPU.Build.0 = Release|Any CPU
		{40A06312-4EBE-4106-BC7A-7FAB840D6EC5}.Debug|Any CPU.ActiveCfg = Debug|Any CPU
		{40A06312-4EBE-4106-BC7A-7FAB840D6EC5}.Debug|Any CPU.Build.0 = Debug|Any CPU
		{40A06312-4EBE-4106-BC7A-7FAB840D6EC5}.Release|Any CPU.ActiveCfg = Release|Any CPU
		{40A06312-4EBE-4106-BC7A-7FAB840D6EC5}.Release|Any CPU.Build.0 = Release|Any CPU
		{B0CBEE9B-6072-4E43-860E-7DEDE671E1F9}.Debug|Any CPU.ActiveCfg = Debug|Any CPU
		{B0CBEE9B-6072-4E43-860E-7DEDE671E1F9}.Debug|Any CPU.Build.0 = Debug|Any CPU
		{B0CBEE9B-6072-4E43-860E-7DEDE671E1F9}.Release|Any CPU.ActiveCfg = Release|Any CPU
		{B0CBEE9B-6072-4E43-860E-7DEDE671E1F9}.Release|Any CPU.Build.0 = Release|Any CPU
		{5181B885-992D-4AB5-B54C-9357D438C90D}.Debug|Any CPU.ActiveCfg = Debug|Any CPU
		{5181B885-992D-4AB5-B54C-9357D438C90D}.Debug|Any CPU.Build.0 = Debug|Any CPU
		{5181B885-992D-4AB5-B54C-9357D438C90D}.Release|Any CPU.ActiveCfg = Release|Any CPU
		{5181B885-992D-4AB5-B54C-9357D438C90D}.Release|Any CPU.Build.0 = Release|Any CPU
	EndGlobalSection
	GlobalSection(SolutionProperties) = preSolution
		HideSolutionNode = FALSE
	EndGlobalSection
	GlobalSection(ExtensibilityGlobals) = postSolution
		SolutionGuid = {17CA372E-FE9A-4668-AB31-F763C3F47973}
	EndGlobalSection
EndGlobal
